// !$*UTF8*$!
{
	archiveVersion = 1;
	classes = {
	};
	objectVersion = 46;
	objects = {

/* Begin PBXBuildFile section */
		4D1E458B1E9443DB00C32717 /* Crosshair.swift in Sources */ = {isa = PBXBuildFile; fileRef = 4D1E458A1E9443DB00C32717 /* Crosshair.swift */; };
		4D1E458D1E944C9600C32717 /* ShinobiCharts.framework in Frameworks */ = {isa = PBXBuildFile; fileRef = 4D1E458C1E944C9600C32717 /* ShinobiCharts.framework */; };
		9B2FC2B01DF86E0100AA1B2D /* Launch Screen.storyboard in Resources */ = {isa = PBXBuildFile; fileRef = 9B2FC2AF1DF86E0100AA1B2D /* Launch Screen.storyboard */; };
		9B2FC2B81DF996FA00AA1B2D /* BubbleChartViewController.swift in Sources */ = {isa = PBXBuildFile; fileRef = 9B2FC2B71DF996FA00AA1B2D /* BubbleChartViewController.swift */; };
		9B2FC2BA1DF998A200AA1B2D /* punchcard.json in Resources */ = {isa = PBXBuildFile; fileRef = 9B2FC2B91DF998A200AA1B2D /* punchcard.json */; };
		9B2FC2BD1DF99C4E00AA1B2D /* ViewConstrainer.swift in Sources */ = {isa = PBXBuildFile; fileRef = 9B2FC2BC1DF99C4E00AA1B2D /* ViewConstrainer.swift */; };
		9B2FC2BF1DF9A1F200AA1B2D /* ShinobiColors.swift in Sources */ = {isa = PBXBuildFile; fileRef = 9B2FC2BE1DF9A1F200AA1B2D /* ShinobiColors.swift */; };
		9B2FC2C21DF9B59600AA1B2D /* CandlestickChartViewController.swift in Sources */ = {isa = PBXBuildFile; fileRef = 9B2FC2C11DF9B59600AA1B2D /* CandlestickChartViewController.swift */; };
		9B2FC2C41DF9B76900AA1B2D /* AppleStockPrices.json in Resources */ = {isa = PBXBuildFile; fileRef = 9B2FC2C31DF9B76900AA1B2D /* AppleStockPrices.json */; };
		9B2FC2C61DF9BE7000AA1B2D /* ColumnChartViewController.swift in Sources */ = {isa = PBXBuildFile; fileRef = 9B2FC2C51DF9BE7000AA1B2D /* ColumnChartViewController.swift */; };
		9B4390011E02968200DCFCCE /* MultiAxesViewController.swift in Sources */ = {isa = PBXBuildFile; fileRef = 9B4390001E02968200DCFCCE /* MultiAxesViewController.swift */; };
		9B4390051E029A4E00DCFCCE /* DiscontinuousDateAxisViewController.swift in Sources */ = {isa = PBXBuildFile; fileRef = 9B4390041E029A4E00DCFCCE /* DiscontinuousDateAxisViewController.swift */; };
		9B4390071E02A6F600DCFCCE /* AnnotationsViewController.swift in Sources */ = {isa = PBXBuildFile; fileRef = 9B4390061E02A6F600DCFCCE /* AnnotationsViewController.swift */; };
		9B43900B1E02AA6500DCFCCE /* Apple.png in Resources */ = {isa = PBXBuildFile; fileRef = 9B43900A1E02AA6500DCFCCE /* Apple.png */; };
		9B43900D1E02AD9C00DCFCCE /* JSONLoader.swift in Sources */ = {isa = PBXBuildFile; fileRef = 9B43900C1E02AD9C00DCFCCE /* JSONLoader.swift */; };
		9B4974501E03F2CF00FBD6D9 /* SamplesProviding.swift in Sources */ = {isa = PBXBuildFile; fileRef = 9B49744F1E03F2CF00FBD6D9 /* SamplesProviding.swift */; };
		9B4974521E03F36E00FBD6D9 /* ChartTypeSamplesProvider.swift in Sources */ = {isa = PBXBuildFile; fileRef = 9B4974511E03F36E00FBD6D9 /* ChartTypeSamplesProvider.swift */; };
		9B4974541E03F41300FBD6D9 /* ChartFeatureSamplesProvider.swift in Sources */ = {isa = PBXBuildFile; fileRef = 9B4974531E03F41300FBD6D9 /* ChartFeatureSamplesProvider.swift */; };
		9B4974571E040E3F00FBD6D9 /* premium.png in Resources */ = {isa = PBXBuildFile; fileRef = 9B4974561E040E3F00FBD6D9 /* premium.png */; };
		9B4974591E040F5F00FBD6D9 /* SampleCell.swift in Sources */ = {isa = PBXBuildFile; fileRef = 9B4974581E040F5F00FBD6D9 /* SampleCell.swift */; };
		9B7340541DF855B20050C0AF /* Main.storyboard in Resources */ = {isa = PBXBuildFile; fileRef = 9B7340521DF855B20050C0AF /* Main.storyboard */; };
		9B85B6371E4A09FA00FD8308 /* ShinobiCharts.framework in Frameworks */ = {isa = PBXBuildFile; fileRef = 9B85B6361E4A09FA00FD8308 /* ShinobiCharts.framework */; };
		9B927C9E1DF6F47F006C4D22 /* AppDelegate.swift in Sources */ = {isa = PBXBuildFile; fileRef = 9B927C9D1DF6F47F006C4D22 /* AppDelegate.swift */; };
		9B927CA01DF6F47F006C4D22 /* MasterViewController.swift in Sources */ = {isa = PBXBuildFile; fileRef = 9B927C9F1DF6F47F006C4D22 /* MasterViewController.swift */; };
		9B927CA71DF6F47F006C4D22 /* Assets.xcassets in Resources */ = {isa = PBXBuildFile; fileRef = 9B927CA61DF6F47F006C4D22 /* Assets.xcassets */; };
		9B927CB21DF70C95006C4D22 /* DetailViewController.swift in Sources */ = {isa = PBXBuildFile; fileRef = 9B927CB11DF70C95006C4D22 /* DetailViewController.swift */; };
		9B927CB51DF70DAA006C4D22 /* libc++.tbd in Frameworks */ = {isa = PBXBuildFile; fileRef = 9B927CB41DF70DAA006C4D22 /* libc++.tbd */; };
		9B927CBB1DF81324006C4D22 /* LineChartViewController.swift in Sources */ = {isa = PBXBuildFile; fileRef = 9B927CBA1DF81324006C4D22 /* LineChartViewController.swift */; };
		9BB3126D1DFEA7F100A3CD1B /* PieChartViewController.swift in Sources */ = {isa = PBXBuildFile; fileRef = 9BB3126C1DFEA7F100A3CD1B /* PieChartViewController.swift */; };
		9BB312731DFEDEF900A3CD1B /* PolarChartViewController.swift in Sources */ = {isa = PBXBuildFile; fileRef = 9BB312721DFEDEF900A3CD1B /* PolarChartViewController.swift */; };
		9BB312751DFEE3FD00A3CD1B /* RadarChartViewController.swift in Sources */ = {isa = PBXBuildFile; fileRef = 9BB312741DFEE3FD00A3CD1B /* RadarChartViewController.swift */; };
		9BD9C3D01DFF07E500C5FD71 /* StreamingViewController.swift in Sources */ = {isa = PBXBuildFile; fileRef = 9BD9C3CF1DFF07E500C5FD71 /* StreamingViewController.swift */; };
		9BF761CC1E01B71500975AF0 /* LabelledDataPointsViewController.swift in Sources */ = {isa = PBXBuildFile; fileRef = 9BF761CB1E01B71500975AF0 /* LabelledDataPointsViewController.swift */; };
/* End PBXBuildFile section */

/* Begin PBXFileReference section */
		4D1E458A1E9443DB00C32717 /* Crosshair.swift */ = {isa = PBXFileReference; fileEncoding = 4; lastKnownFileType = sourcecode.swift; path = Crosshair.swift; sourceTree = "<group>"; };
		4D1E458C1E944C9600C32717 /* ShinobiCharts.framework */ = {isa = PBXFileReference; lastKnownFileType = wrapper.framework; name = ShinobiCharts.framework; path = ShinobiCharts/ShinobiCharts.framework; sourceTree = "<group>"; };
		9B2FC2AF1DF86E0100AA1B2D /* Launch Screen.storyboard */ = {isa = PBXFileReference; fileEncoding = 4; lastKnownFileType = file.storyboard; path = "Launch Screen.storyboard"; sourceTree = "<group>"; };
		9B2FC2B71DF996FA00AA1B2D /* BubbleChartViewController.swift */ = {isa = PBXFileReference; fileEncoding = 4; lastKnownFileType = sourcecode.swift; path = BubbleChartViewController.swift; sourceTree = "<group>"; };
		9B2FC2B91DF998A200AA1B2D /* punchcard.json */ = {isa = PBXFileReference; fileEncoding = 4; lastKnownFileType = text.json; path = punchcard.json; sourceTree = "<group>"; };
		9B2FC2BC1DF99C4E00AA1B2D /* ViewConstrainer.swift */ = {isa = PBXFileReference; fileEncoding = 4; lastKnownFileType = sourcecode.swift; path = ViewConstrainer.swift; sourceTree = "<group>"; };
		9B2FC2BE1DF9A1F200AA1B2D /* ShinobiColors.swift */ = {isa = PBXFileReference; fileEncoding = 4; lastKnownFileType = sourcecode.swift; path = ShinobiColors.swift; sourceTree = "<group>"; };
		9B2FC2C11DF9B59600AA1B2D /* CandlestickChartViewController.swift */ = {isa = PBXFileReference; fileEncoding = 4; lastKnownFileType = sourcecode.swift; path = CandlestickChartViewController.swift; sourceTree = "<group>"; };
		9B2FC2C31DF9B76900AA1B2D /* AppleStockPrices.json */ = {isa = PBXFileReference; fileEncoding = 4; lastKnownFileType = text.json; path = AppleStockPrices.json; sourceTree = "<group>"; };
		9B2FC2C51DF9BE7000AA1B2D /* ColumnChartViewController.swift */ = {isa = PBXFileReference; fileEncoding = 4; lastKnownFileType = sourcecode.swift; path = ColumnChartViewController.swift; sourceTree = "<group>"; };
		9B4390001E02968200DCFCCE /* MultiAxesViewController.swift */ = {isa = PBXFileReference; fileEncoding = 4; lastKnownFileType = sourcecode.swift; path = MultiAxesViewController.swift; sourceTree = "<group>"; };
		9B4390041E029A4E00DCFCCE /* DiscontinuousDateAxisViewController.swift */ = {isa = PBXFileReference; fileEncoding = 4; lastKnownFileType = sourcecode.swift; path = DiscontinuousDateAxisViewController.swift; sourceTree = "<group>"; };
		9B4390061E02A6F600DCFCCE /* AnnotationsViewController.swift */ = {isa = PBXFileReference; fileEncoding = 4; lastKnownFileType = sourcecode.swift; path = AnnotationsViewController.swift; sourceTree = "<group>"; };
		9B43900A1E02AA6500DCFCCE /* Apple.png */ = {isa = PBXFileReference; lastKnownFileType = image.png; path = Apple.png; sourceTree = "<group>"; };
		9B43900C1E02AD9C00DCFCCE /* JSONLoader.swift */ = {isa = PBXFileReference; fileEncoding = 4; lastKnownFileType = sourcecode.swift; path = JSONLoader.swift; sourceTree = "<group>"; };
		9B49744F1E03F2CF00FBD6D9 /* SamplesProviding.swift */ = {isa = PBXFileReference; fileEncoding = 4; lastKnownFileType = sourcecode.swift; path = SamplesProviding.swift; sourceTree = "<group>"; };
		9B4974511E03F36E00FBD6D9 /* ChartTypeSamplesProvider.swift */ = {isa = PBXFileReference; fileEncoding = 4; lastKnownFileType = sourcecode.swift; path = ChartTypeSamplesProvider.swift; sourceTree = "<group>"; };
		9B4974531E03F41300FBD6D9 /* ChartFeatureSamplesProvider.swift */ = {isa = PBXFileReference; fileEncoding = 4; lastKnownFileType = sourcecode.swift; path = ChartFeatureSamplesProvider.swift; sourceTree = "<group>"; };
		9B4974561E040E3F00FBD6D9 /* premium.png */ = {isa = PBXFileReference; lastKnownFileType = image.png; path = premium.png; sourceTree = "<group>"; };
		9B4974581E040F5F00FBD6D9 /* SampleCell.swift */ = {isa = PBXFileReference; fileEncoding = 4; lastKnownFileType = sourcecode.swift; path = SampleCell.swift; sourceTree = "<group>"; };
		9B7340531DF855B20050C0AF /* Base */ = {isa = PBXFileReference; lastKnownFileType = file.storyboard; name = Base; path = Base.lproj/Main.storyboard; sourceTree = "<group>"; };
		9B85B6361E4A09FA00FD8308 /* ShinobiCharts.framework */ = {isa = PBXFileReference; lastKnownFileType = wrapper.framework; name = ShinobiCharts.framework; path = ../ShinobiCharts.framework; sourceTree = "<group>"; };
		9B927C9A1DF6F47F006C4D22 /* Samples.app */ = {isa = PBXFileReference; explicitFileType = wrapper.application; includeInIndex = 0; path = Samples.app; sourceTree = BUILT_PRODUCTS_DIR; };
		9B927C9D1DF6F47F006C4D22 /* AppDelegate.swift */ = {isa = PBXFileReference; lastKnownFileType = sourcecode.swift; path = AppDelegate.swift; sourceTree = "<group>"; };
		9B927C9F1DF6F47F006C4D22 /* MasterViewController.swift */ = {isa = PBXFileReference; lastKnownFileType = sourcecode.swift; path = MasterViewController.swift; sourceTree = "<group>"; };
		9B927CA61DF6F47F006C4D22 /* Assets.xcassets */ = {isa = PBXFileReference; lastKnownFileType = folder.assetcatalog; path = Assets.xcassets; sourceTree = "<group>"; };
		9B927CAB1DF6F47F006C4D22 /* Info.plist */ = {isa = PBXFileReference; lastKnownFileType = text.plist.xml; path = Info.plist; sourceTree = "<group>"; };
		9B927CB11DF70C95006C4D22 /* DetailViewController.swift */ = {isa = PBXFileReference; fileEncoding = 4; lastKnownFileType = sourcecode.swift; path = DetailViewController.swift; sourceTree = "<group>"; };
		9B927CB41DF70DAA006C4D22 /* libc++.tbd */ = {isa = PBXFileReference; lastKnownFileType = "sourcecode.text-based-dylib-definition"; name = "libc++.tbd"; path = "usr/lib/libc++.tbd"; sourceTree = SDKROOT; };
		9B927CBA1DF81324006C4D22 /* LineChartViewController.swift */ = {isa = PBXFileReference; fileEncoding = 4; lastKnownFileType = sourcecode.swift; path = LineChartViewController.swift; sourceTree = "<group>"; };
		9BB3126C1DFEA7F100A3CD1B /* PieChartViewController.swift */ = {isa = PBXFileReference; fileEncoding = 4; lastKnownFileType = sourcecode.swift; path = PieChartViewController.swift; sourceTree = "<group>"; };
		9BB312721DFEDEF900A3CD1B /* PolarChartViewController.swift */ = {isa = PBXFileReference; fileEncoding = 4; lastKnownFileType = sourcecode.swift; path = PolarChartViewController.swift; sourceTree = "<group>"; };
		9BB312741DFEE3FD00A3CD1B /* RadarChartViewController.swift */ = {isa = PBXFileReference; fileEncoding = 4; lastKnownFileType = sourcecode.swift; path = RadarChartViewController.swift; sourceTree = "<group>"; };
		9BD9C3CF1DFF07E500C5FD71 /* StreamingViewController.swift */ = {isa = PBXFileReference; fileEncoding = 4; lastKnownFileType = sourcecode.swift; path = StreamingViewController.swift; sourceTree = "<group>"; };
		9BF761CB1E01B71500975AF0 /* LabelledDataPointsViewController.swift */ = {isa = PBXFileReference; fileEncoding = 4; lastKnownFileType = sourcecode.swift; path = LabelledDataPointsViewController.swift; sourceTree = "<group>"; };
/* End PBXFileReference section */

/* Begin PBXFrameworksBuildPhase section */
		9B927C971DF6F47F006C4D22 /* Frameworks */ = {
			isa = PBXFrameworksBuildPhase;
			buildActionMask = 2147483647;
			files = (
				9B85B6371E4A09FA00FD8308 /* ShinobiCharts.framework in Frameworks */,
				4D1E458D1E944C9600C32717 /* ShinobiCharts.framework in Frameworks */,
				9B927CB51DF70DAA006C4D22 /* libc++.tbd in Frameworks */,
			);
			runOnlyForDeploymentPostprocessing = 0;
		};
/* End PBXFrameworksBuildPhase section */

/* Begin PBXGroup section */
		9B2FC2B11DF8715E00AA1B2D /* ChartTypeSamples */ = {
			isa = PBXGroup;
			children = (
				9B2FC2B71DF996FA00AA1B2D /* BubbleChartViewController.swift */,
				9B2FC2C11DF9B59600AA1B2D /* CandlestickChartViewController.swift */,
				9B2FC2C51DF9BE7000AA1B2D /* ColumnChartViewController.swift */,
				9B927CBA1DF81324006C4D22 /* LineChartViewController.swift */,
				9BB3126C1DFEA7F100A3CD1B /* PieChartViewController.swift */,
				9BB312721DFEDEF900A3CD1B /* PolarChartViewController.swift */,
				9BB312741DFEE3FD00A3CD1B /* RadarChartViewController.swift */,
			);
			name = ChartTypeSamples;
			sourceTree = "<group>";
		};
		9B2FC2BB1DF99C2400AA1B2D /* Utilities */ = {
			isa = PBXGroup;
			children = (
				9B2FC2BE1DF9A1F200AA1B2D /* ShinobiColors.swift */,
				9B2FC2BC1DF99C4E00AA1B2D /* ViewConstrainer.swift */,
				9B43900C1E02AD9C00DCFCCE /* JSONLoader.swift */,
			);
			name = Utilities;
			sourceTree = "<group>";
		};
		9B2FC2C01DF9A8FD00AA1B2D /* Resources */ = {
			isa = PBXGroup;
			children = (
				9B4974561E040E3F00FBD6D9 /* premium.png */,
				9B43900A1E02AA6500DCFCCE /* Apple.png */,
				9B2FC2C31DF9B76900AA1B2D /* AppleStockPrices.json */,
				9B2FC2B91DF998A200AA1B2D /* punchcard.json */,
			);
			name = Resources;
			sourceTree = "<group>";
		};
		9B4974551E04007000FBD6D9 /* SampleProviders */ = {
			isa = PBXGroup;
			children = (
				9B49744F1E03F2CF00FBD6D9 /* SamplesProviding.swift */,
				9B4974511E03F36E00FBD6D9 /* ChartTypeSamplesProvider.swift */,
				9B4974531E03F41300FBD6D9 /* ChartFeatureSamplesProvider.swift */,
			);
			name = SampleProviders;
			sourceTree = "<group>";
		};
		9B927C911DF6F47F006C4D22 = {
			isa = PBXGroup;
			children = (
				9B927C9C1DF6F47F006C4D22 /* Samples */,
				9B927C9B1DF6F47F006C4D22 /* Products */,
				9B927CB31DF70DAA006C4D22 /* Frameworks */,
			);
			sourceTree = "<group>";
		};
		9B927C9B1DF6F47F006C4D22 /* Products */ = {
			isa = PBXGroup;
			children = (
				9B927C9A1DF6F47F006C4D22 /* Samples.app */,
			);
			name = Products;
			sourceTree = "<group>";
		};
		9B927C9C1DF6F47F006C4D22 /* Samples */ = {
			isa = PBXGroup;
			children = (
				4D1E458C1E944C9600C32717 /* ShinobiCharts.framework */,
				9B2FC2BB1DF99C2400AA1B2D /* Utilities */,
				9B927C9D1DF6F47F006C4D22 /* AppDelegate.swift */,
				9B927C9F1DF6F47F006C4D22 /* MasterViewController.swift */,
				9B927CB11DF70C95006C4D22 /* DetailViewController.swift */,
				9B4974581E040F5F00FBD6D9 /* SampleCell.swift */,
				9B4974551E04007000FBD6D9 /* SampleProviders */,
				9B2FC2B11DF8715E00AA1B2D /* ChartTypeSamples */,
				9BD9C3CE1DFF076100C5FD71 /* FeatureSamples */,
				9B7340521DF855B20050C0AF /* Main.storyboard */,
				9B2FC2AF1DF86E0100AA1B2D /* Launch Screen.storyboard */,
				9B927CAB1DF6F47F006C4D22 /* Info.plist */,
				9B927CA61DF6F47F006C4D22 /* Assets.xcassets */,
				9B2FC2C01DF9A8FD00AA1B2D /* Resources */,
				4D1E458A1E9443DB00C32717 /* Crosshair.swift */,
			);
			path = Samples;
			sourceTree = "<group>";
		};
		9B927CB31DF70DAA006C4D22 /* Frameworks */ = {
			isa = PBXGroup;
			children = (
				9B85B6361E4A09FA00FD8308 /* ShinobiCharts.framework */,
				9B927CB41DF70DAA006C4D22 /* libc++.tbd */,
			);
			name = Frameworks;
			sourceTree = "<group>";
		};
		9BD9C3CE1DFF076100C5FD71 /* FeatureSamples */ = {
			isa = PBXGroup;
			children = (
				9B4390061E02A6F600DCFCCE /* AnnotationsViewController.swift */,
				9B4390041E029A4E00DCFCCE /* DiscontinuousDateAxisViewController.swift */,
				9BF761CB1E01B71500975AF0 /* LabelledDataPointsViewController.swift */,
				9B4390001E02968200DCFCCE /* MultiAxesViewController.swift */,
				9BD9C3CF1DFF07E500C5FD71 /* StreamingViewController.swift */,
			);
			name = FeatureSamples;
			sourceTree = "<group>";
		};
/* End PBXGroup section */

/* Begin PBXNativeTarget section */
		9B927C991DF6F47F006C4D22 /* Samples */ = {
			isa = PBXNativeTarget;
			buildConfigurationList = 9B927CAE1DF6F47F006C4D22 /* Build configuration list for PBXNativeTarget "Samples" */;
			buildPhases = (
				9B927C961DF6F47F006C4D22 /* Sources */,
				9B927C971DF6F47F006C4D22 /* Frameworks */,
				9B927C981DF6F47F006C4D22 /* Resources */,
			);
			buildRules = (
			);
			dependencies = (
			);
			name = Samples;
			productName = Samples;
			productReference = 9B927C9A1DF6F47F006C4D22 /* Samples.app */;
			productType = "com.apple.product-type.application";
		};
/* End PBXNativeTarget section */

/* Begin PBXProject section */
		9B927C921DF6F47F006C4D22 /* Project object */ = {
			isa = PBXProject;
			attributes = {
				LastSwiftUpdateCheck = 0810;
				LastUpgradeCheck = 0820;
				ORGANIZATIONNAME = "Scott Logic";
				TargetAttributes = {
					9B927C991DF6F47F006C4D22 = {
						CreatedOnToolsVersion = 8.1;
						ProvisioningStyle = Automatic;
					};
				};
			};
			buildConfigurationList = 9B927C951DF6F47F006C4D22 /* Build configuration list for PBXProject "Samples" */;
			compatibilityVersion = "Xcode 3.2";
			developmentRegion = English;
			hasScannedForEncodings = 0;
			knownRegions = (
				en,
				Base,
			);
			mainGroup = 9B927C911DF6F47F006C4D22;
			productRefGroup = 9B927C9B1DF6F47F006C4D22 /* Products */;
			projectDirPath = "";
			projectRoot = "";
			targets = (
				9B927C991DF6F47F006C4D22 /* Samples */,
			);
		};
/* End PBXProject section */

/* Begin PBXResourcesBuildPhase section */
		9B927C981DF6F47F006C4D22 /* Resources */ = {
			isa = PBXResourcesBuildPhase;
			buildActionMask = 2147483647;
			files = (
				9B2FC2B01DF86E0100AA1B2D /* Launch Screen.storyboard in Resources */,
				9B43900B1E02AA6500DCFCCE /* Apple.png in Resources */,
				9B4974571E040E3F00FBD6D9 /* premium.png in Resources */,
				9B7340541DF855B20050C0AF /* Main.storyboard in Resources */,
				9B2FC2BA1DF998A200AA1B2D /* punchcard.json in Resources */,
				9B2FC2C41DF9B76900AA1B2D /* AppleStockPrices.json in Resources */,
				9B927CA71DF6F47F006C4D22 /* Assets.xcassets in Resources */,
			);
			runOnlyForDeploymentPostprocessing = 0;
		};
/* End PBXResourcesBuildPhase section */

/* Begin PBXSourcesBuildPhase section */
		9B927C961DF6F47F006C4D22 /* Sources */ = {
			isa = PBXSourcesBuildPhase;
			buildActionMask = 2147483647;
			files = (
				9B4390011E02968200DCFCCE /* MultiAxesViewController.swift in Sources */,
				9B4974521E03F36E00FBD6D9 /* ChartTypeSamplesProvider.swift in Sources */,
				9BB3126D1DFEA7F100A3CD1B /* PieChartViewController.swift in Sources */,
				9B43900D1E02AD9C00DCFCCE /* JSONLoader.swift in Sources */,
				9B2FC2B81DF996FA00AA1B2D /* BubbleChartViewController.swift in Sources */,
				9B2FC2BD1DF99C4E00AA1B2D /* ViewConstrainer.swift in Sources */,
				9B927CB21DF70C95006C4D22 /* DetailViewController.swift in Sources */,
				9BF761CC1E01B71500975AF0 /* LabelledDataPointsViewController.swift in Sources */,
				4D1E458B1E9443DB00C32717 /* Crosshair.swift in Sources */,
				9BB312731DFEDEF900A3CD1B /* PolarChartViewController.swift in Sources */,
				9B2FC2C61DF9BE7000AA1B2D /* ColumnChartViewController.swift in Sources */,
				9BB312751DFEE3FD00A3CD1B /* RadarChartViewController.swift in Sources */,
				9B4974591E040F5F00FBD6D9 /* SampleCell.swift in Sources */,
				9B4390071E02A6F600DCFCCE /* AnnotationsViewController.swift in Sources */,
				9B2FC2BF1DF9A1F200AA1B2D /* ShinobiColors.swift in Sources */,
				9BD9C3D01DFF07E500C5FD71 /* StreamingViewController.swift in Sources */,
				9B927CBB1DF81324006C4D22 /* LineChartViewController.swift in Sources */,
				9B927CA01DF6F47F006C4D22 /* MasterViewController.swift in Sources */,
				9B4974501E03F2CF00FBD6D9 /* SamplesProviding.swift in Sources */,
				9B2FC2C21DF9B59600AA1B2D /* CandlestickChartViewController.swift in Sources */,
				9B4390051E029A4E00DCFCCE /* DiscontinuousDateAxisViewController.swift in Sources */,
				9B4974541E03F41300FBD6D9 /* ChartFeatureSamplesProvider.swift in Sources */,
				9B927C9E1DF6F47F006C4D22 /* AppDelegate.swift in Sources */,
			);
			runOnlyForDeploymentPostprocessing = 0;
		};
/* End PBXSourcesBuildPhase section */

/* Begin PBXVariantGroup section */
		9B7340521DF855B20050C0AF /* Main.storyboard */ = {
			isa = PBXVariantGroup;
			children = (
				9B7340531DF855B20050C0AF /* Base */,
			);
			name = Main.storyboard;
			sourceTree = "<group>";
		};
/* End PBXVariantGroup section */

/* Begin XCBuildConfiguration section */
		9B927CAC1DF6F47F006C4D22 /* Debug */ = {
			isa = XCBuildConfiguration;
			buildSettings = {
				ALWAYS_SEARCH_USER_PATHS = NO;
				CLANG_ANALYZER_NONNULL = YES;
				CLANG_CXX_LANGUAGE_STANDARD = "gnu++0x";
				CLANG_CXX_LIBRARY = "libc++";
				CLANG_ENABLE_MODULES = YES;
				CLANG_ENABLE_OBJC_ARC = YES;
				CLANG_WARN_BOOL_CONVERSION = YES;
				CLANG_WARN_CONSTANT_CONVERSION = YES;
				CLANG_WARN_DIRECT_OBJC_ISA_USAGE = YES_ERROR;
				CLANG_WARN_DOCUMENTATION_COMMENTS = YES;
				CLANG_WARN_EMPTY_BODY = YES;
				CLANG_WARN_ENUM_CONVERSION = YES;
				CLANG_WARN_INFINITE_RECURSION = YES;
				CLANG_WARN_INT_CONVERSION = YES;
				CLANG_WARN_OBJC_ROOT_CLASS = YES_ERROR;
				CLANG_WARN_SUSPICIOUS_MOVE = YES;
				CLANG_WARN_SUSPICIOUS_MOVES = YES;
				CLANG_WARN_UNREACHABLE_CODE = YES;
				CLANG_WARN__DUPLICATE_METHOD_MATCH = YES;
				"CODE_SIGN_IDENTITY[sdk=iphoneos*]" = "iPhone Developer";
				COPY_PHASE_STRIP = NO;
				DEBUG_INFORMATION_FORMAT = dwarf;
				ENABLE_STRICT_OBJC_MSGSEND = YES;
				ENABLE_TESTABILITY = YES;
				GCC_C_LANGUAGE_STANDARD = gnu99;
				GCC_DYNAMIC_NO_PIC = NO;
				GCC_NO_COMMON_BLOCKS = YES;
				GCC_OPTIMIZATION_LEVEL = 0;
				GCC_PREPROCESSOR_DEFINITIONS = (
					"DEBUG=1",
					"$(inherited)",
				);
				GCC_WARN_64_TO_32_BIT_CONVERSION = YES;
				GCC_WARN_ABOUT_RETURN_TYPE = YES_ERROR;
				GCC_WARN_UNDECLARED_SELECTOR = YES;
				GCC_WARN_UNINITIALIZED_AUTOS = YES_AGGRESSIVE;
				GCC_WARN_UNUSED_FUNCTION = YES;
				GCC_WARN_UNUSED_VARIABLE = YES;
				IPHONEOS_DEPLOYMENT_TARGET = 10.1;
				MTL_ENABLE_DEBUG_INFO = YES;
				ONLY_ACTIVE_ARCH = YES;
				SDKROOT = iphoneos;
				SWIFT_ACTIVE_COMPILATION_CONDITIONS = DEBUG;
				SWIFT_OPTIMIZATION_LEVEL = "-Onone";
				TARGETED_DEVICE_FAMILY = "1,2";
			};
			name = Debug;
		};
		9B927CAD1DF6F47F006C4D22 /* Release */ = {
			isa = XCBuildConfiguration;
			buildSettings = {
				ALWAYS_SEARCH_USER_PATHS = NO;
				CLANG_ANALYZER_NONNULL = YES;
				CLANG_CXX_LANGUAGE_STANDARD = "gnu++0x";
				CLANG_CXX_LIBRARY = "libc++";
				CLANG_ENABLE_MODULES = YES;
				CLANG_ENABLE_OBJC_ARC = YES;
				CLANG_WARN_BOOL_CONVERSION = YES;
				CLANG_WARN_CONSTANT_CONVERSION = YES;
				CLANG_WARN_DIRECT_OBJC_ISA_USAGE = YES_ERROR;
				CLANG_WARN_DOCUMENTATION_COMMENTS = YES;
				CLANG_WARN_EMPTY_BODY = YES;
				CLANG_WARN_ENUM_CONVERSION = YES;
				CLANG_WARN_INFINITE_RECURSION = YES;
				CLANG_WARN_INT_CONVERSION = YES;
				CLANG_WARN_OBJC_ROOT_CLASS = YES_ERROR;
				CLANG_WARN_SUSPICIOUS_MOVE = YES;
				CLANG_WARN_SUSPICIOUS_MOVES = YES;
				CLANG_WARN_UNREACHABLE_CODE = YES;
				CLANG_WARN__DUPLICATE_METHOD_MATCH = YES;
				"CODE_SIGN_IDENTITY[sdk=iphoneos*]" = "iPhone Developer";
				COPY_PHASE_STRIP = NO;
				DEBUG_INFORMATION_FORMAT = "dwarf-with-dsym";
				ENABLE_NS_ASSERTIONS = NO;
				ENABLE_STRICT_OBJC_MSGSEND = YES;
				GCC_C_LANGUAGE_STANDARD = gnu99;
				GCC_NO_COMMON_BLOCKS = YES;
				GCC_WARN_64_TO_32_BIT_CONVERSION = YES;
				GCC_WARN_ABOUT_RETURN_TYPE = YES_ERROR;
				GCC_WARN_UNDECLARED_SELECTOR = YES;
				GCC_WARN_UNINITIALIZED_AUTOS = YES_AGGRESSIVE;
				GCC_WARN_UNUSED_FUNCTION = YES;
				GCC_WARN_UNUSED_VARIABLE = YES;
				IPHONEOS_DEPLOYMENT_TARGET = 10.1;
				MTL_ENABLE_DEBUG_INFO = NO;
				SDKROOT = iphoneos;
				SWIFT_OPTIMIZATION_LEVEL = "-Owholemodule";
				TARGETED_DEVICE_FAMILY = "1,2";
				VALIDATE_PRODUCT = YES;
			};
			name = Release;
		};
		9B927CAF1DF6F47F006C4D22 /* Debug */ = {
			isa = XCBuildConfiguration;
			buildSettings = {
				ALWAYS_SEARCH_USER_PATHS = YES;
				ASSETCATALOG_COMPILER_APPICON_NAME = AppIcon;
				DEVELOPMENT_TEAM = "";
				FRAMEWORK_SEARCH_PATHS = (
					"$(PROJECT_DIR)/..",
					"$(PROJECT_DIR)/Samples",
					"$(PROJECT_DIR)/Samples/ShinobiCharts",
				);
				INFOPLIST_FILE = Samples/Info.plist;
				IPHONEOS_DEPLOYMENT_TARGET = 10.0;
				LD_RUNPATH_SEARCH_PATHS = "$(inherited) @executable_path/Frameworks";
				PRODUCT_BUNDLE_IDENTIFIER = com.scottlogic.Samples;
				PRODUCT_NAME = "$(TARGET_NAME)";
				SWIFT_VERSION = 3.0;
			};
			name = Debug;
		};
		9B927CB01DF6F47F006C4D22 /* Release */ = {
			isa = XCBuildConfiguration;
			buildSettings = {
				ALWAYS_SEARCH_USER_PATHS = YES;
				ASSETCATALOG_COMPILER_APPICON_NAME = AppIcon;
				DEVELOPMENT_TEAM = "";
				FRAMEWORK_SEARCH_PATHS = (
					"$(PROJECT_DIR)/..",
					"$(PROJECT_DIR)/Samples",
					"$(PROJECT_DIR)/Samples/ShinobiCharts",
				);
				INFOPLIST_FILE = Samples/Info.plist;
				IPHONEOS_DEPLOYMENT_TARGET = 10.0;
				LD_RUNPATH_SEARCH_PATHS = "$(inherited) @executable_path/Frameworks";
				PRODUCT_BUNDLE_IDENTIFIER = com.scottlogic.Samples;
				PRODUCT_NAME = "$(TARGET_NAME)";
				SWIFT_VERSION = 3.0;
			};
			name = Release;
		};
/* End XCBuildConfiguration section */

/* Begin XCConfigurationList section */
		9B927C951DF6F47F006C4D22 /* Build configuration list for PBXProject "Samples" */ = {
			isa = XCConfigurationList;
			buildConfigurations = (
				9B927CAC1DF6F47F006C4D22 /* Debug */,
				9B927CAD1DF6F47F006C4D22 /* Release */,
			);
			defaultConfigurationIsVisible = 0;
			defaultConfigurationName = Release;
		};
		9B927CAE1DF6F47F006C4D22 /* Build configuration list for PBXNativeTarget "Samples" */ = {
			isa = XCConfigurationList;
			buildConfigurations = (
				9B927CAF1DF6F47F006C4D22 /* Debug */,
				9B927CB01DF6F47F006C4D22 /* Release */,
			);
			defaultConfigurationIsVisible = 0;
			defaultConfigurationName = Release;
		};
/* End XCConfigurationList section */
	};
	rootObject = 9B927C921DF6F47F006C4D22 /* Project object */;
}
